
Microsoft Visual Studio Solution File, Format Version 12.00
# Visual Studio 14
VisualStudioVersion = 14.0.25420.1
MinimumVisualStudioVersion = 10.0.40219.1
Project("{FAE04EC0-301F-11D3-BF4B-00C04F79EFBC}") = "ProFrame", "ProFrame\ProFrame.csproj", "{34330211-76BD-41E6-98F4-AF8D4D202BAB}"
EndProject
Project("{FAE04EC0-301F-11D3-BF4B-00C04F79EFBC}") = "TestingProject", "TestingProject\TestingProject.csproj", "{93BABA3A-2F66-43F5-A016-5B2B8F4E8E51}"
EndProject
Project("{FAE04EC0-301F-11D3-BF4B-00C04F79EFBC}") = "TestingProjectTests", "TestingProjectTests\TestingProjectTests.csproj", "{5B286092-53D6-46C2-8F27-C45E92EB2BE0}"
EndProject
Global
	GlobalSection(SolutionConfigurationPlatforms) = preSolution
		Debug|Any CPU = Debug|Any CPU
		Release|Any CPU = Release|Any CPU
	EndGlobalSection
	GlobalSection(ProjectConfigurationPlatforms) = postSolution
		{34330211-76BD-41E6-98F4-AF8D4D202BAB}.Debug|Any CPU.ActiveCfg = Debug|Any CPU
		{34330211-76BD-41E6-98F4-AF8D4D202BAB}.Debug|Any CPU.Build.0 = Debug|Any CPU
		{34330211-76BD-41E6-98F4-AF8D4D202BAB}.Release|Any CPU.ActiveCfg = Release|Any CPU
		{34330211-76BD-41E6-98F4-AF8D4D202BAB}.Release|Any CPU.Build.0 = Release|Any CPU
		{93BABA3A-2F66-43F5-A016-5B2B8F4E8E51}.Debug|Any CPU.ActiveCfg = Debug|Any CPU
		{93BABA3A-2F66-43F5-A016-5B2B8F4E8E51}.Debug|Any CPU.Build.0 = Debug|Any CPU
		{93BABA3A-2F66-43F5-A016-5B2B8F4E8E51}.Release|Any CPU.ActiveCfg = Release|Any CPU
		{93BABA3A-2F66-43F5-A016-5B2B8F4E8E51}.Release|Any CPU.Build.0 = Release|Any CPU
		{5B286092-53D6-46C2-8F27-C45E92EB2BE0}.Debug|Any CPU.ActiveCfg = Debug|Any CPU
		{5B286092-53D6-46C2-8F27-C45E92EB2BE0}.Debug|Any CPU.Build.0 = Debug|Any CPU
		{5B286092-53D6-46C2-8F27-C45E92EB2BE0}.Release|Any CPU.ActiveCfg = Release|Any CPU
		{5B286092-53D6-46C2-8F27-C45E92EB2BE0}.Release|Any CPU.Build.0 = Release|Any CPU
	EndGlobalSection
	GlobalSection(SolutionProperties) = preSolution
		HideSolutionNode = FALSE
	EndGlobalSection
	GlobalSection(TeamFoundationVersionControl) = preSolution
		SccNumberOfProjects = 4
		SccEnterpriseProvider = {4CA58AB2-18FA-4F8D-95D4-32DDF27D184C}
		SccTeamFoundationServer = http://as96:8080/tfs/defaultcollection
		SccLocalPath0 = .
		SccProjectUniqueName1 = ProFrame\\ProFrame.csproj
		SccProjectName1 = ProFrame
		SccLocalPath1 = ProFrame
		SccProjectUniqueName2 = TestingProject\\TestingProject.csproj
		SccProjectName2 = TestingProject
		SccLocalPath2 = TestingProject
		SccProjectUniqueName3 = TestingProjectTests\\TestingProjectTests.csproj
		SccProjectName3 = TestingProjectTests
		SccLocalPath3 = TestingProjectTests
	EndGlobalSection
EndGlobal
